lockfileVersion: '9.0'

settings:
  autoInstallPeers: true
  excludeLinksFromLockfile: false

importers:

  .:
    dependencies:
      '@langchain/langgraph':
        specifier: ^0.0.31
        version: 0.0.31

packages:

  '@langchain/core@0.2.19':
    resolution: {integrity: sha512-Q3q3yUuKuwIDHYef+Vk4BmtkJsNZGkdKV1pNUomL1+v2pOKmu2kchQh2oLg74tqupsr2ICVQAMjYzcPrXnNmzQ==}
    engines: {node: '>=18'}

  '@langchain/langgraph@0.0.31':
    resolution: {integrity: sha512-f5QMSLy/RnLktsqnNm2mq8gp1xplHwQf87XIPVO0IYuumOJiafx5lE7ahPO+fVmCzAz6LxcsVocvD0JqxXR/2w==}
    engines: {node: '>=18'}
    peerDependencies:
      better-sqlite3: ^9.5.0
    peerDependenciesMeta:
      better-sqlite3:
        optional: true

  '@types/retry@0.12.0':
    resolution: {integrity: sha512-wWKOClTTiizcZhXnPY4wikVAwmdYHp8q6DmC+EJUzAMsycb7HB32Kh9RN4+0gExjmPmZSAQjgURXIGATPegAvA==}

  '@types/uuid@9.0.8':
    resolution: {integrity: sha512-jg+97EGIcY9AGHJJRaaPVgetKDsrTgbRjQ5Msgjh/DQKEFl0DtyRr/VCOyD1T2R1MNeWPK/u7JoGhlDZnKBAfA==}

  ansi-styles@5.2.0:
    resolution: {integrity: sha512-Cxwpt2SfTzTtXcfOlzGEee8O+c+MmUgGrNiBcXnuWxuFJHe6a5Hz7qwhwe5OgaSYI0IJvkLqWX1ASG+cJOkEiA==}
    engines: {node: '>=10'}

  base64-js@1.5.1:
    resolution: {integrity: sha512-AKpaYlHn8t4SVbOHCy+b5+KKgvR4vrsD8vbvrbiQJps7fKDTkjkDry6ji0rUJjC0kzbNePLwzxq8iypo41qeWA==}

  binary-search@1.3.6:
    resolution: {integrity: sha512-nbE1WxOTTrUWIfsfZ4aHGYu5DOuNkbxGokjV6Z2kxfJK3uaAb8zNK1muzOeipoLHZjInT4Br88BHpzevc681xA==}

  camelcase@6.3.0:
    resolution: {integrity: sha512-Gmy6FhYlCY7uOElZUSbxo2UCDH8owEk996gkbrpsgGtrJLM3J7jGxl9Ic7Qwwj4ivOE5AWZWRMecDdF7hqGjFA==}
    engines: {node: '>=10'}

  commander@10.0.1:
    resolution: {integrity: sha512-y4Mg2tXshplEbSGzx7amzPwKKOCGuoSRP/CjEdwwk0FOGlUbq6lKuoyDZTNZkmxHdJtp54hdfY/JUrdL7Xfdug==}
    engines: {node: '>=14'}

  decamelize@1.2.0:
    resolution: {integrity: sha512-z2S+W9X73hAUUki+N+9Za2lBlun89zigOyGrsax+KUQ6wKW4ZoWpEYBkGhQjwAjjDCkWxhY0VKEhk8wzY7F5cA==}
    engines: {node: '>=0.10.0'}

  eventemitter3@4.0.7:
    resolution: {integrity: sha512-8guHBZCwKnFhYdHr2ysuRWErTwhoN2X8XELRlrRwpmfeY2jjuUN4taQMsULKUVo1K4DvZl+0pgfyoysHxvmvEw==}

  is-any-array@2.0.1:
    resolution: {integrity: sha512-UtilS7hLRu++wb/WBAw9bNuP1Eg04Ivn1vERJck8zJthEvXCBEBpGR/33u/xLKWEQf95803oalHrVDptcAvFdQ==}

  js-tiktoken@1.0.12:
    resolution: {integrity: sha512-L7wURW1fH9Qaext0VzaUDpFGVQgjkdE3Dgsy9/+yXyGEpBKnylTd0mU0bfbNkKDlXRb6TEsZkwuflu1B8uQbJQ==}

  langsmith@0.1.40:
    resolution: {integrity: sha512-11E2WLbh/+41+Qc0w8fJJTC/iz91BA+zXRMX/Wz0KSstnfzIPBoiWa++Kp2X8yCIDNywWWLJhy/B8gYzm7VKig==}
    peerDependencies:
      '@langchain/core': '*'
      langchain: '*'
      openai: '*'
    peerDependenciesMeta:
      '@langchain/core':
        optional: true
      langchain:
        optional: true
      openai:
        optional: true

  ml-array-mean@1.1.6:
    resolution: {integrity: sha512-MIdf7Zc8HznwIisyiJGRH9tRigg3Yf4FldW8DxKxpCCv/g5CafTw0RRu51nojVEOXuCQC7DRVVu5c7XXO/5joQ==}

  ml-array-sum@1.1.6:
    resolution: {integrity: sha512-29mAh2GwH7ZmiRnup4UyibQZB9+ZLyMShvt4cH4eTK+cL2oEMIZFnSyB3SS8MlsTh6q/w/yh48KmqLxmovN4Dw==}

  ml-distance-euclidean@2.0.0:
    resolution: {integrity: sha512-yC9/2o8QF0A3m/0IXqCTXCzz2pNEzvmcE/9HFKOZGnTjatvBbsn4lWYJkxENkA4Ug2fnYl7PXQxnPi21sgMy/Q==}

  ml-distance@4.0.1:
    resolution: {integrity: sha512-feZ5ziXs01zhyFUUUeZV5hwc0f5JW0Sh0ckU1koZe/wdVkJdGxcP06KNQuF0WBTj8FttQUzcvQcpcrOp/XrlEw==}

  ml-tree-similarity@1.0.0:
    resolution: {integrity: sha512-XJUyYqjSuUQkNQHMscr6tcjldsOoAekxADTplt40QKfwW6nd++1wHWV9AArl0Zvw/TIHgNaZZNvr8QGvE8wLRg==}

  mustache@4.2.0:
    resolution: {integrity: sha512-71ippSywq5Yb7/tVYyGbkBggbU8H3u5Rz56fH60jGFgr8uHwxs+aSKeqmluIVzM0m0kB7xQjKS6qPfd0b2ZoqQ==}
    hasBin: true

  num-sort@2.1.0:
    resolution: {integrity: sha512-1MQz1Ed8z2yckoBeSfkQHHO9K1yDRxxtotKSJ9yvcTUUxSvfvzEq5GwBrjjHEpMlq/k5gvXdmJ1SbYxWtpNoVg==}
    engines: {node: '>=8'}

  p-finally@1.0.0:
    resolution: {integrity: sha512-LICb2p9CB7FS+0eR1oqWnHhp0FljGLZCWBE9aix0Uye9W8LTQPwMTYVGWQWIw9RdQiDg4+epXQODwIYJtSJaow==}
    engines: {node: '>=4'}

  p-queue@6.6.2:
    resolution: {integrity: sha512-RwFpb72c/BhQLEXIZ5K2e+AhgNVmIejGlTgiB9MzZ0e93GRvqZ7uSi0dvRF7/XIXDeNkra2fNHBxTyPDGySpjQ==}
    engines: {node: '>=8'}

  p-retry@4.6.2:
    resolution: {integrity: sha512-312Id396EbJdvRONlngUx0NydfrIQ5lsYu0znKVUzVvArzEIt08V1qhtyESbGVd1FGX7UKtiFp5uwKZdM8wIuQ==}
    engines: {node: '>=8'}

  p-timeout@3.2.0:
    resolution: {integrity: sha512-rhIwUycgwwKcP9yTOOFK/AKsAopjjCakVqLHePO3CC6Mir1Z99xT+R63jZxAT5lFZLa2inS5h+ZS2GvR99/FBg==}
    engines: {node: '>=8'}

  retry@0.13.1:
    resolution: {integrity: sha512-XQBQ3I8W1Cge0Seh+6gjj03LbmRFWuoszgK9ooCpwYIrhhoO80pfq4cUkU5DkknwfOfFteRwlZ56PYOGYyFWdg==}
    engines: {node: '>= 4'}

  semver@7.6.3:
    resolution: {integrity: sha512-oVekP1cKtI+CTDvHWYFUcMtsK/00wmAEfyqKfNdARm8u1wNVhSgaX7A8d4UuIlUI5e84iEwOhs7ZPYRmzU9U6A==}
    engines: {node: '>=10'}
    hasBin: true

  uuid@10.0.0:
    resolution: {integrity: sha512-8XkAphELsDnEGrDxUOHB3RGvXz6TeuYSGEZBOjtTtPm2lwhGBjLgOzLHB63IUWfBpNucQjND6d3AOudO+H3RWQ==}
    hasBin: true

  uuid@9.0.1:
    resolution: {integrity: sha512-b+1eJOlsR9K8HJpow9Ok3fiWOWSIcIzXodvv0rQjVoOVNpWMpxf1wZNpt4y9h10odCNrqnYp1OBzRktckBe3sA==}
    hasBin: true

  zod-to-json-schema@3.23.2:
    resolution: {integrity: sha512-uSt90Gzc/tUfyNqxnjlfBs8W6WSGpNBv0rVsNxP/BVSMHMKGdthPYff4xtCHYloJGM0CFxFsb3NbC0eqPhfImw==}
    peerDependencies:
      zod: ^3.23.3

  zod@3.23.8:
    resolution: {integrity: sha512-XBx9AXhXktjUqnepgTiE5flcKIYWi/rme0Eaj+5Y0lftuGBq+jyRu/md4WnuxqgP1ubdpNCsYEYPxrzVHD8d6g==}

snapshots:

  '@langchain/core@0.2.19':
    dependencies:
      ansi-styles: 5.2.0
      camelcase: 6.3.0
      decamelize: 1.2.0
      js-tiktoken: 1.0.12
      langsmith: 0.1.40(@langchain/core@0.2.19)
      ml-distance: 4.0.1
      mustache: 4.2.0
      p-queue: 6.6.2
      p-retry: 4.6.2
      uuid: 10.0.0
      zod: 3.23.8
      zod-to-json-schema: 3.23.2(zod@3.23.8)
    transitivePeerDependencies:
      - langchain
      - openai

  '@langchain/langgraph@0.0.31':
    dependencies:
      '@langchain/core': 0.2.19
      uuid: 10.0.0
      zod: 3.23.8
    transitivePeerDependencies:
      - langchain
      - openai

  '@types/retry@0.12.0': {}

  '@types/uuid@9.0.8': {}

  ansi-styles@5.2.0: {}

  base64-js@1.5.1: {}

  binary-search@1.3.6: {}

  camelcase@6.3.0: {}

  commander@10.0.1: {}

  decamelize@1.2.0: {}

  eventemitter3@4.0.7: {}

  is-any-array@2.0.1: {}

  js-tiktoken@1.0.12:
    dependencies:
      base64-js: 1.5.1

  langsmith@0.1.40(@langchain/core@0.2.19):
    dependencies:
      '@types/uuid': 9.0.8
      commander: 10.0.1
      p-queue: 6.6.2
      p-retry: 4.6.2
      semver: 7.6.3
      uuid: 9.0.1
    optionalDependencies:
      '@langchain/core': 0.2.19

  ml-array-mean@1.1.6:
    dependencies:
      ml-array-sum: 1.1.6

  ml-array-sum@1.1.6:
    dependencies:
      is-any-array: 2.0.1

  ml-distance-euclidean@2.0.0: {}

  ml-distance@4.0.1:
    dependencies:
      ml-array-mean: 1.1.6
      ml-distance-euclidean: 2.0.0
      ml-tree-similarity: 1.0.0

  ml-tree-similarity@1.0.0:
    dependencies:
      binary-search: 1.3.6
      num-sort: 2.1.0

  mustache@4.2.0: {}

  num-sort@2.1.0: {}

  p-finally@1.0.0: {}

  p-queue@6.6.2:
    dependencies:
      eventemitter3: 4.0.7
      p-timeout: 3.2.0

  p-retry@4.6.2:
    dependencies:
      '@types/retry': 0.12.0
      retry: 0.13.1

  p-timeout@3.2.0:
    dependencies:
      p-finally: 1.0.0

  retry@0.13.1: {}

  semver@7.6.3: {}

  uuid@10.0.0: {}

  uuid@9.0.1: {}

  zod-to-json-schema@3.23.2(zod@3.23.8):
    dependencies:
      zod: 3.23.8

  zod@3.23.8: {}
